# This file is automatically @generated by Cargo.
# It is not intended for manual editing.
version = 4

[[package]]
name = "aes"
version = "0.9.0-rc.0"
source = "registry+https://github.com/rust-lang/crates.io-index"
checksum = "cd4838e4ad37bb032dea137f441d5f71c16c26c068af512e64c5bc13a88cdfc7"
dependencies = [
 "cfg-if",
 "cipher",
 "cpufeatures",
]

[[package]]
name = "aho-corasick"
version = "1.1.3"
source = "registry+https://github.com/rust-lang/crates.io-index"
checksum = "8e60d3430d3a69478ad0993f19238d2df97c507009a52b3c10addcd7f6bcb916"
dependencies = [
 "memchr",
]

[[package]]
name = "anstream"
version = "0.6.18"
source = "registry+https://github.com/rust-lang/crates.io-index"
checksum = "8acc5369981196006228e28809f761875c0327210a891e941f4c683b3a99529b"
dependencies = [
 "anstyle",
 "anstyle-parse",
 "anstyle-query",
 "anstyle-wincon",
 "colorchoice",
 "is_terminal_polyfill",
 "utf8parse",
]

[[package]]
name = "anstyle"
version = "1.0.10"
source = "registry+https://github.com/rust-lang/crates.io-index"
checksum = "55cc3b69f167a1ef2e161439aa98aed94e6028e5f9a59be9a6ffb47aef1651f9"

[[package]]
name = "anstyle-parse"
version = "0.2.6"
source = "registry+https://github.com/rust-lang/crates.io-index"
checksum = "3b2d16507662817a6a20a9ea92df6652ee4f94f914589377d69f3b21bc5798a9"
dependencies = [
 "utf8parse",
]

[[package]]
name = "anstyle-query"
version = "1.1.2"
source = "registry+https://github.com/rust-lang/crates.io-index"
checksum = "79947af37f4177cfead1110013d678905c37501914fba0efea834c3fe9a8d60c"
dependencies = [
 "windows-sys",
]

[[package]]
name = "anstyle-wincon"
version = "3.0.8"
source = "registry+https://github.com/rust-lang/crates.io-index"
checksum = "6680de5231bd6ee4c6191b8a1325daa282b415391ec9d3a37bd34f2060dc73fa"
dependencies = [
 "anstyle",
 "once_cell_polyfill",
 "windows-sys",
]

[[package]]
name = "anyhow"
version = "1.0.98"
source = "registry+https://github.com/rust-lang/crates.io-index"
checksum = "e16d2d3311acee920a9eb8d33b8cbc1787ce4a264e85f964c2404b969bdcd487"

[[package]]
name = "aquamarine"
version = "0.1.12"
source = "registry+https://github.com/rust-lang/crates.io-index"
checksum = "a941c39708478e8eea39243b5983f1c42d2717b3620ee91f4a52115fd02ac43f"
dependencies = [
 "itertools 0.9.0",
 "proc-macro-error",
 "proc-macro2",
 "quote",
 "syn 1.0.109",
]

[[package]]
name = "atty"
version = "0.2.14"
source = "registry+https://github.com/rust-lang/crates.io-index"
checksum = "d9b39be18770d11421cdb1b9947a45dd3f37e93092cbf377614828a319d5fee8"
dependencies = [
 "hermit-abi",
 "libc",
 "winapi",
]

[[package]]
name = "autocfg"
version = "1.4.0"
source = "registry+https://github.com/rust-lang/crates.io-index"
checksum = "ace50bade8e6234aa140d9a2f552bbee1db4d353f69b8217bc503490fc1a9f26"

[[package]]
name = "autocxx"
version = "0.30.0"
source = "git+https://github.com/tchebb/autocxx.git?branch=openwv-fixes#1766160501ab733b693a239b2e6828c76b9fc208"
dependencies = [
 "aquamarine",
 "autocxx-macro",
 "cxx",
 "moveit",
]

[[package]]
name = "autocxx-bindgen"
version = "0.73.0"
source = "registry+https://github.com/rust-lang/crates.io-index"
checksum = "ecaaf84d9cf1a772409c0abdac7d2477a31fd890dbdf606d8f684dc60129aa94"
dependencies = [
 "bitflags",
 "cexpr",
 "clang-sys",
 "itertools 0.13.0",
 "log",
 "proc-macro2",
 "quote",
 "regex",
 "rustc-hash",
 "shlex",
 "syn 2.0.101",
]

[[package]]
name = "autocxx-build"
version = "0.30.0"
source = "git+https://github.com/tchebb/autocxx.git?branch=openwv-fixes#1766160501ab733b693a239b2e6828c76b9fc208"
dependencies = [
 "autocxx-engine",
 "env_logger 0.9.3",
 "indexmap 1.9.3",
 "syn 2.0.101",
]

[[package]]
name = "autocxx-engine"
version = "0.30.0"
source = "git+https://github.com/tchebb/autocxx.git?branch=openwv-fixes#1766160501ab733b693a239b2e6828c76b9fc208"
dependencies = [
 "aquamarine",
 "autocxx-bindgen",
 "autocxx-parser",
 "cc",
 "cxx-gen",
 "indexmap 1.9.3",
 "indoc",
 "itertools 0.10.5",
 "log",
 "miette",
 "once_cell",
 "prettyplease",
 "proc-macro2",
 "quote",
 "regex",
 "regex_static",
 "rustversion",
 "serde_json",
 "syn 2.0.101",
 "tempfile",
 "thiserror 1.0.69",
 "version_check",
]

[[package]]
name = "autocxx-macro"
version = "0.30.0"
source = "git+https://github.com/tchebb/autocxx.git?branch=openwv-fixes#1766160501ab733b693a239b2e6828c76b9fc208"
dependencies = [
 "autocxx-parser",
 "proc-macro-error",
 "proc-macro2",
 "quote",
 "syn 2.0.101",
]

[[package]]
name = "autocxx-parser"
version = "0.30.0"
source = "git+https://github.com/tchebb/autocxx.git?branch=openwv-fixes#1766160501ab733b693a239b2e6828c76b9fc208"
dependencies = [
 "indexmap 1.9.3",
 "itertools 0.10.5",
 "log",
 "once_cell",
 "proc-macro2",
 "quote",
 "serde",
 "serde_json",
 "syn 2.0.101",
 "thiserror 1.0.69",
]

[[package]]
name = "base16ct"
version = "0.2.0"
source = "registry+https://github.com/rust-lang/crates.io-index"
checksum = "4c7f02d4ea65f2c1853089ffd8d2787bdbc63de2f0d29dedbcf8ccdfa0ccd4cf"

[[package]]
name = "base64ct"
version = "1.7.3"
source = "registry+https://github.com/rust-lang/crates.io-index"
checksum = "89e25b6adfb930f02d1981565a6e5d9c547ac15a96606256d3b59040e5cd4ca3"

[[package]]
name = "bitflags"
version = "2.9.1"
source = "registry+https://github.com/rust-lang/crates.io-index"
checksum = "1b8e56985ec62d17e9c1001dc89c88ecd7dc08e47eba5ec7c29c7b5eeecde967"

[[package]]
name = "block-buffer"
version = "0.11.0-rc.4"
source = "registry+https://github.com/rust-lang/crates.io-index"
checksum = "a229bfd78e4827c91b9b95784f69492c1b77c1ab75a45a8a037b139215086f94"
dependencies = [
 "hybrid-array",
]

[[package]]
name = "block-padding"
version = "0.4.0-rc.3"
source = "registry+https://github.com/rust-lang/crates.io-index"
checksum = "ee88d14c41bbae2e333f574a27fc73d96fe1039e5a356c20d06a7f2a34cd8e5a"
dependencies = [
 "hybrid-array",
]

[[package]]
name = "bumpalo"
version = "3.17.0"
source = "registry+https://github.com/rust-lang/crates.io-index"
checksum = "1628fb46dfa0b37568d12e5edd512553eccf6a22a78e8bde00bb4aed84d5bdbf"

[[package]]
name = "byteorder"
version = "1.5.0"
source = "registry+https://github.com/rust-lang/crates.io-index"
checksum = "1fd0f2584146f6f2ef48085050886acf353beff7305ebd1ae69500e27c67f64b"

[[package]]
name = "bytes"
version = "1.10.1"
source = "registry+https://github.com/rust-lang/crates.io-index"
checksum = "d71b6127be86fdcfddb610f7182ac57211d4b18a3e9c82eb2d17662f2227ad6a"

[[package]]
name = "cbc"
version = "0.2.0-rc.0"
source = "registry+https://github.com/rust-lang/crates.io-index"
checksum = "3ef95f543a56c245d9d0826ccbb34636ee983b3e846eff57bc5fc72e1bce1701"
dependencies = [
 "cipher",
]

[[package]]
name = "cc"
version = "1.2.25"
source = "registry+https://github.com/rust-lang/crates.io-index"
checksum = "d0fc897dc1e865cc67c0e05a836d9d3f1df3cbe442aa4a9473b18e12624a4951"
dependencies = [
 "shlex",
]

[[package]]
name = "cexpr"
version = "0.6.0"
source = "registry+https://github.com/rust-lang/crates.io-index"
checksum = "6fac387a98bb7c37292057cffc56d62ecb629900026402633ae9160df93a8766"
dependencies = [
 "nom",
]

[[package]]
name = "cfg-if"
version = "1.0.0"
source = "registry+https://github.com/rust-lang/crates.io-index"
checksum = "baf1de4339761588bc0619e3cbc0120ee582ebb74b53b4efbf79117bd2da40fd"

[[package]]
name = "cipher"
version = "0.5.0-rc.0"
source = "registry+https://github.com/rust-lang/crates.io-index"
checksum = "bd4ef774202f1749465fc7cf88d70fc30620e8cacd5429268f4bff7d003bd976"
dependencies = [
 "crypto-common",
 "inout",
]

[[package]]
name = "clang-sys"
version = "1.8.1"
source = "registry+https://github.com/rust-lang/crates.io-index"
checksum = "0b023947811758c97c59bf9d1c188fd619ad4718dcaa767947df1cadb14f39f4"
dependencies = [
 "glob",
 "libc",
 "libloading",
]

[[package]]
name = "clap"
version = "4.5.39"
source = "registry+https://github.com/rust-lang/crates.io-index"
checksum = "fd60e63e9be68e5fb56422e397cf9baddded06dae1d2e523401542383bc72a9f"
dependencies = [
 "clap_builder",
]

[[package]]
name = "clap_builder"
version = "4.5.39"
source = "registry+https://github.com/rust-lang/crates.io-index"
checksum = "89cc6392a1f72bbeb820d71f32108f61fdaf18bc526e1d23954168a67759ef51"
dependencies = [
 "anstyle",
 "clap_lex",
 "strsim",
]

[[package]]
name = "clap_lex"
version = "0.7.4"
source = "registry+https://github.com/rust-lang/crates.io-index"
checksum = "f46ad14479a25103f283c0f10005961cf086d8dc42205bb44c46ac563475dca6"

[[package]]
name = "cmac"
version = "0.8.0-rc.0"
source = "registry+https://github.com/rust-lang/crates.io-index"
checksum = "14088e66e0ff42509343b570d1c9c641bb4ddb972c43e606157fb6c571c334f0"
dependencies = [
 "cipher",
 "dbl",
 "digest",
]

[[package]]
name = "codespan-reporting"
version = "0.12.0"
source = "registry+https://github.com/rust-lang/crates.io-index"
checksum = "fe6d2e5af09e8c8ad56c969f2157a3d4238cebc7c55f0a517728c38f7b200f81"
dependencies = [
 "serde",
 "termcolor",
 "unicode-width 0.2.0",
]

[[package]]
name = "colorchoice"
version = "1.0.3"
source = "registry+https://github.com/rust-lang/crates.io-index"
checksum = "5b63caa9aa9397e2d9480a9b13673856c78d8ac123288526c37d7839f2a86990"

[[package]]
name = "const-oid"
version = "0.10.1"
source = "registry+https://github.com/rust-lang/crates.io-index"
checksum = "0dabb6555f92fb9ee4140454eb5dcd14c7960e1225c6d1a6cc361f032947713e"

[[package]]
name = "cpufeatures"
version = "0.2.17"
source = "registry+https://github.com/rust-lang/crates.io-index"
checksum = "59ed5838eebb26a2bb2e58f6d5b5316989ae9d08bab10e0e6d103e656d1b0280"
dependencies = [
 "libc",
]

[[package]]
name = "crypto-bigint"
version = "0.7.0-pre.4"
source = "registry+https://github.com/rust-lang/crates.io-index"
checksum = "edaae5fb9dac79a07260e0b2006799ff4f1d342ab243fd7d0892215113b27904"
dependencies = [
 "num-traits",
 "rand_core",
 "serdect",
 "subtle",
 "zeroize",
]

[[package]]
name = "crypto-common"
version = "0.2.0-rc.3"
source = "registry+https://github.com/rust-lang/crates.io-index"
checksum = "8a23fa214dea9efd4dacee5a5614646b30216ae0f05d4bb51bafb50e9da1c5be"
dependencies = [
 "hybrid-array",
]

[[package]]
name = "crypto-primes"
version = "0.7.0-pre.1"
source = "registry+https://github.com/rust-lang/crates.io-index"
checksum = "ae744b9f528151f8c440cf67498f24d2d1ac0ab536b5ce7b1f87a7a5961bd1c1"
dependencies = [
 "crypto-bigint",
 "libm",
 "rand_core",
]

[[package]]
name = "ctr"
version = "0.10.0-rc.0"
source = "registry+https://github.com/rust-lang/crates.io-index"
checksum = "f239edce204df0e4503cccef3492552773d1ca4e002659a59ca715f099b45ca1"
dependencies = [
 "cipher",
]

[[package]]
name = "cxx"
version = "1.0.158"
source = "registry+https://github.com/rust-lang/crates.io-index"
checksum = "a71ea7f29c73f7ffa64c50b83c9fe4d3a6d4be89a86b009eb80d5a6d3429d741"
dependencies = [
 "cc",
 "cxxbridge-cmd",
 "cxxbridge-flags",
 "cxxbridge-macro",
 "foldhash",
 "link-cplusplus",
]

[[package]]
name = "cxx-gen"
version = "0.7.158"
source = "registry+https://github.com/rust-lang/crates.io-index"
checksum = "68318fef0ae96135291398a97ef84763d1be248bef10a9140e1a728b44e24627"
dependencies = [
 "codespan-reporting",
 "proc-macro2",
 "quote",
 "syn 2.0.101",
]

[[package]]
name = "cxxbridge-cmd"
version = "1.0.158"
source = "registry+https://github.com/rust-lang/crates.io-index"
checksum = "4f44296c8693e9ea226a48f6a122727f77aa9e9e338380cb021accaeeb7ee279"
dependencies = [
 "clap",
 "codespan-reporting",
 "proc-macro2",
 "quote",
 "syn 2.0.101",
]

[[package]]
name = "cxxbridge-flags"
version = "1.0.158"
source = "registry+https://github.com/rust-lang/crates.io-index"
checksum = "c42f69c181c176981ae44ba9876e2ea41ce8e574c296b38d06925ce9214fb8e4"

[[package]]
name = "cxxbridge-macro"
version = "1.0.158"
source = "registry+https://github.com/rust-lang/crates.io-index"
checksum = "8faff5d4467e0709448187df29ccbf3b0982cc426ee444a193f87b11afb565a8"
dependencies = [
 "proc-macro2",
 "quote",
 "rustversion",
 "syn 2.0.101",
]

[[package]]
name = "dbl"
version = "0.4.0-rc.2"
source = "registry+https://github.com/rust-lang/crates.io-index"
checksum = "cb24c766034b76390c67f3d9c44e63019febeb4cc39e4ba40b5fc79e20c898e1"
dependencies = [
 "hybrid-array",
]

[[package]]
name = "der"
version = "0.8.0-rc.3"
source = "registry+https://github.com/rust-lang/crates.io-index"
checksum = "b00a9651bf9c00a38b7c383073cb22fb42f20a5f978c9f97ad5c7128cbd3c1bd"
dependencies = [
 "const-oid",
 "pem-rfc7468",
 "zeroize",
]

[[package]]
name = "digest"
version = "0.11.0-rc.0"
source = "registry+https://github.com/rust-lang/crates.io-index"
checksum = "460dd7f37e4950526b54a5a6b1f41b6c8e763c58eb9a8fc8fc05ba5c2f44ca7b"
dependencies = [
 "block-buffer",
 "const-oid",
 "crypto-common",
 "subtle",
]

[[package]]
name = "either"
version = "1.15.0"
source = "registry+https://github.com/rust-lang/crates.io-index"
checksum = "48c757948c5ede0e46177b7add2e67155f70e33c07fea8284df6576da70b3719"

[[package]]
name = "env_filter"
version = "0.1.3"
source = "registry+https://github.com/rust-lang/crates.io-index"
checksum = "186e05a59d4c50738528153b83b0b0194d3a29507dfec16eccd4b342903397d0"
dependencies = [
 "log",
]

[[package]]
name = "env_logger"
version = "0.9.3"
source = "registry+https://github.com/rust-lang/crates.io-index"
checksum = "a12e6657c4c97ebab115a42dcee77225f7f482cdd841cf7088c657a42e9e00e7"
dependencies = [
 "atty",
 "humantime",
 "log",
 "regex",
 "termcolor",
]

[[package]]
name = "env_logger"
version = "0.11.8"
source = "registry+https://github.com/rust-lang/crates.io-index"
checksum = "13c863f0904021b108aa8b2f55046443e6b1ebde8fd4a15c399893aae4fa069f"
dependencies = [
 "anstream",
 "anstyle",
 "env_filter",
 "log",
]

[[package]]
name = "equivalent"
version = "1.0.2"
source = "registry+https://github.com/rust-lang/crates.io-index"
checksum = "877a4ace8713b0bcf2a4e7eec82529c029f1d0619886d18145fea96c3ffe5c0f"

[[package]]
name = "errno"
version = "0.3.12"
source = "registry+https://github.com/rust-lang/crates.io-index"
checksum = "cea14ef9355e3beab063703aa9dab15afd25f0667c341310c1e5274bb1d0da18"
dependencies = [
 "libc",
 "windows-sys",
]

[[package]]
name = "fastrand"
version = "2.3.0"
source = "registry+https://github.com/rust-lang/crates.io-index"
checksum = "37909eebbb50d72f9059c3b6d82c0463f2ff062c9e95845c43a6c9c0355411be"

[[package]]
name = "fixedbitset"
version = "0.5.7"
source = "registry+https://github.com/rust-lang/crates.io-index"
checksum = "1d674e81391d1e1ab681a28d99df07927c6d4aa5b027d7da16ba32d1d21ecd99"

[[package]]
name = "foldhash"
version = "0.1.5"
source = "registry+https://github.com/rust-lang/crates.io-index"
checksum = "d9c4f5dac5e15c24eb999c26181a6ca40b39fe946cbe4c263c7209467bc83af2"

[[package]]
name = "getrandom"
version = "0.3.3"
source = "registry+https://github.com/rust-lang/crates.io-index"
checksum = "26145e563e54f2cadc477553f1ec5ee650b00862f0a58bcd12cbdc5f0ea2d2f4"
dependencies = [
 "cfg-if",
 "libc",
 "r-efi",
 "wasi",
]

[[package]]
name = "glob"
version = "0.3.2"
source = "registry+https://github.com/rust-lang/crates.io-index"
checksum = "a8d1add55171497b4705a648c6b583acafb01d58050a51727785f0b2c8e0a2b2"

[[package]]
name = "hashbrown"
version = "0.12.3"
source = "registry+https://github.com/rust-lang/crates.io-index"
checksum = "8a9ee70c43aaf417c914396645a0fa852624801b24ebb7ae78fe8272889ac888"

[[package]]
name = "hashbrown"
version = "0.15.3"
source = "registry+https://github.com/rust-lang/crates.io-index"
checksum = "84b26c544d002229e640969970a2e74021aadf6e2f96372b9c58eff97de08eb3"

[[package]]
name = "heck"
version = "0.5.0"
source = "registry+https://github.com/rust-lang/crates.io-index"
checksum = "2304e00983f87ffb38b55b444b5e3b60a884b5d30c0fca7d82fe33449bbe55ea"

[[package]]
name = "hermit-abi"
version = "0.1.19"
source = "registry+https://github.com/rust-lang/crates.io-index"
checksum = "62b467343b94ba476dcb2500d242dadbb39557df889310ac77c5d99100aaac33"
dependencies = [
 "libc",
]

[[package]]
name = "hmac"
version = "0.13.0-rc.0"
source = "registry+https://github.com/rust-lang/crates.io-index"
checksum = "8dc6a2fcc35ab09136c6df2cdf9ca49790701420a3a6b5db0987dddbabc79b21"
dependencies = [
 "digest",
]

[[package]]
name = "humantime"
version = "2.2.0"
source = "registry+https://github.com/rust-lang/crates.io-index"
checksum = "9b112acc8b3adf4b107a8ec20977da0273a8c386765a3ec0229bd500a1443f9f"

[[package]]
name = "hybrid-array"
version = "0.3.1"
source = "registry+https://github.com/rust-lang/crates.io-index"
checksum = "891d15931895091dea5c47afa5b3c9a01ba634b311919fd4d41388fa0e3d76af"
dependencies = [
 "typenum",
]

[[package]]
name = "indexmap"
version = "1.9.3"
source = "registry+https://github.com/rust-lang/crates.io-index"
checksum = "bd070e393353796e801d209ad339e89596eb4c8d430d18ede6a1cced8fafbd99"
dependencies = [
 "autocfg",
 "hashbrown 0.12.3",
 "serde",
]

[[package]]
name = "indexmap"
version = "2.9.0"
source = "registry+https://github.com/rust-lang/crates.io-index"
checksum = "cea70ddb795996207ad57735b50c5982d8844f38ba9ee5f1aedcfb708a2aa11e"
dependencies = [
 "equivalent",
 "hashbrown 0.15.3",
]

[[package]]
name = "indoc"
version = "1.0.9"
source = "registry+https://github.com/rust-lang/crates.io-index"
checksum = "bfa799dd5ed20a7e349f3b4639aa80d74549c81716d9ec4f994c9b5815598306"

[[package]]
name = "inout"
version = "0.2.0-rc.5"
source = "registry+https://github.com/rust-lang/crates.io-index"
checksum = "c774c86bce20ea04abe1c37cf0051c5690079a3a28ef5fdac2a5a0412b3d7d74"
dependencies = [
 "block-padding",
 "hybrid-array",
]

[[package]]
name = "is_terminal_polyfill"
version = "1.70.1"
source = "registry+https://github.com/rust-lang/crates.io-index"
checksum = "7943c866cc5cd64cbc25b2e01621d07fa8eb2a1a23160ee81ce38704e97b8ecf"

[[package]]
name = "itertools"
version = "0.9.0"
source = "registry+https://github.com/rust-lang/crates.io-index"
checksum = "284f18f85651fe11e8a991b2adb42cb078325c996ed026d994719efcfca1d54b"
dependencies = [
 "either",
]

[[package]]
name = "itertools"
version = "0.10.5"
source = "registry+https://github.com/rust-lang/crates.io-index"
checksum = "b0fd2260e829bddf4cb6ea802289de2f86d6a7a690192fbe91b3f46e0f2c8473"
dependencies = [
 "either",
]

[[package]]
name = "itertools"
version = "0.13.0"
source = "registry+https://github.com/rust-lang/crates.io-index"
checksum = "413ee7dfc52ee1a4949ceeb7dbc8a33f2d6c088194d9f922fb8318faf1f01186"
dependencies = [
 "either",
]

[[package]]
name = "itertools"
version = "0.14.0"
source = "registry+https://github.com/rust-lang/crates.io-index"
checksum = "2b192c782037fadd9cfa75548310488aabdbf3d2da73885b31bd0abd03351285"
dependencies = [
 "either",
]

[[package]]
name = "itoa"
version = "1.0.15"
source = "registry+https://github.com/rust-lang/crates.io-index"
checksum = "4a5f13b858c8d314ee3e8f639011f7ccefe71f97f96e50151fb991f267928e2c"

[[package]]
name = "js-sys"
version = "0.3.77"
source = "registry+https://github.com/rust-lang/crates.io-index"
checksum = "1cfaf33c695fc6e08064efbc1f72ec937429614f25eef83af942d0e227c3a28f"
dependencies = [
 "once_cell",
 "wasm-bindgen",
]

[[package]]
name = "libc"
version = "0.2.172"
source = "registry+https://github.com/rust-lang/crates.io-index"
checksum = "d750af042f7ef4f724306de029d18836c26c1765a54a6a3f094cbd23a7267ffa"

[[package]]
name = "libloading"
version = "0.8.8"
source = "registry+https://github.com/rust-lang/crates.io-index"
checksum = "07033963ba89ebaf1584d767badaa2e8fcec21aedea6b8c0346d487d49c28667"
dependencies = [
 "cfg-if",
 "windows-targets 0.53.0",
]

[[package]]
name = "libm"
version = "0.2.15"
source = "registry+https://github.com/rust-lang/crates.io-index"
checksum = "f9fbbcab51052fe104eb5e5d351cf728d30a5be1fe14d9be8a3b097481fb97de"

[[package]]
name = "link-cplusplus"
version = "1.0.10"
source = "registry+https://github.com/rust-lang/crates.io-index"
checksum = "4a6f6da007f968f9def0d65a05b187e2960183de70c160204ecfccf0ee330212"
dependencies = [
 "cc",
]

[[package]]
name = "linux-raw-sys"
version = "0.9.4"
source = "registry+https://github.com/rust-lang/crates.io-index"
checksum = "cd945864f07fe9f5371a27ad7b52a172b4b499999f1d97574c9fa68373937e12"

[[package]]
name = "log"
version = "0.4.27"
source = "registry+https://github.com/rust-lang/crates.io-index"
checksum = "13dc2df351e3202783a1fe0d44375f7295ffb4049267b0f3018346dc122a1d94"

[[package]]
name = "memchr"
version = "2.7.4"
source = "registry+https://github.com/rust-lang/crates.io-index"
checksum = "78ca9ab1a0babb1e7d5695e3530886289c18cf2f87ec19a575a0abdce112e3a3"

[[package]]
name = "miette"
version = "5.10.0"
source = "registry+https://github.com/rust-lang/crates.io-index"
checksum = "59bb584eaeeab6bd0226ccf3509a69d7936d148cf3d036ad350abe35e8c6856e"
dependencies = [
 "miette-derive",
 "once_cell",
 "thiserror 1.0.69",
 "unicode-width 0.1.14",
]

[[package]]
name = "miette-derive"
version = "5.10.0"
source = "registry+https://github.com/rust-lang/crates.io-index"
checksum = "49e7bc1560b95a3c4a25d03de42fe76ca718ab92d1a22a55b9b4cf67b3ae635c"
dependencies = [
 "proc-macro2",
 "quote",
 "syn 2.0.101",
]

[[package]]
name = "minimal-lexical"
version = "0.2.1"
source = "registry+https://github.com/rust-lang/crates.io-index"
checksum = "68354c5c6bd36d73ff3feceb05efa59b6acb7626617f4962be322a825e61f79a"

[[package]]
name = "moveit"
version = "0.6.0"
source = "registry+https://github.com/rust-lang/crates.io-index"
checksum = "87d7335204cb6ef7bd647fa6db0be3e4d7aa25b5823a7aa030027ddf512cefba"
dependencies = [
 "cxx",
]

[[package]]
name = "multimap"
version = "0.10.1"
source = "registry+https://github.com/rust-lang/crates.io-index"
checksum = "1d87ecb2933e8aeadb3e3a02b828fed80a7528047e68b4f424523a0981a3a084"

[[package]]
name = "nom"
version = "7.1.3"
source = "registry+https://github.com/rust-lang/crates.io-index"
checksum = "d273983c5a657a70a3e8f2a01329822f3b8c8172b73826411a55751e404a0a4a"
dependencies = [
 "memchr",
 "minimal-lexical",
]

[[package]]
name = "num-traits"
version = "0.2.19"
source = "registry+https://github.com/rust-lang/crates.io-index"
checksum = "071dfc062690e90b734c0b2273ce72ad0ffa95f0c74596bc250dcfd960262841"
dependencies = [
 "autocfg",
]

[[package]]
name = "once_cell"
version = "1.21.3"
source = "registry+https://github.com/rust-lang/crates.io-index"
checksum = "42f5e15c9953c5e4ccceeb2e7382a716482c34515315f7b03532b8b4e8393d2d"

[[package]]
name = "once_cell_polyfill"
version = "1.70.1"
source = "registry+https://github.com/rust-lang/crates.io-index"
checksum = "a4895175b425cb1f87721b59f0f286c2092bd4af812243672510e1ac53e2e0ad"

[[package]]
name = "openwv"
version = "1.0.1"
dependencies = [
 "aes",
 "autocxx",
 "autocxx-build",
 "byteorder",
 "cbc",
 "cmac",
 "ctr",
 "cxx",
 "env_logger 0.11.8",
 "hmac",
 "log",
 "prost",
 "prost-build",
 "rand",
 "rsa",
 "sha1",
 "sha2",
 "thiserror 2.0.12",
 "uuid",
]

[[package]]
name = "pem-rfc7468"
version = "1.0.0-rc.3"
source = "registry+https://github.com/rust-lang/crates.io-index"
checksum = "a8e58fab693c712c0d4e88f8eb3087b6521d060bcaf76aeb20cb192d809115ba"
dependencies = [
 "base64ct",
]

[[package]]
name = "petgraph"
version = "0.7.1"
source = "registry+https://github.com/rust-lang/crates.io-index"
checksum = "3672b37090dbd86368a4145bc067582552b29c27377cad4e0a306c97f9bd7772"
dependencies = [
 "fixedbitset",
 "indexmap 2.9.0",
]

[[package]]
name = "pkcs1"
version = "0.8.0-rc.2"
source = "registry+https://github.com/rust-lang/crates.io-index"
checksum = "24e16d93c725fa250577ffdec06ebbff4cae3625b0e2881ac43a5427797ee8d3"
dependencies = [
 "der",
 "pkcs8",
 "spki",
]

[[package]]
name = "pkcs8"
version = "0.11.0-rc.4"
source = "registry+https://github.com/rust-lang/crates.io-index"
checksum = "3f1843d4345dfe1a55e487db747a04c01af50415b03e937410e0a41d8cc24ec7"
dependencies = [
 "der",
 "spki",
]

[[package]]
name = "ppv-lite86"
version = "0.2.21"
source = "registry+https://github.com/rust-lang/crates.io-index"
checksum = "85eae3c4ed2f50dcfe72643da4befc30deadb458a9b590d720cde2f2b1e97da9"
dependencies = [
 "zerocopy",
]

[[package]]
name = "prettyplease"
version = "0.2.33"
source = "registry+https://github.com/rust-lang/crates.io-index"
checksum = "9dee91521343f4c5c6a63edd65e54f31f5c92fe8978c40a4282f8372194c6a7d"
dependencies = [
 "proc-macro2",
 "syn 2.0.101",
]

[[package]]
name = "proc-macro-error"
version = "1.0.4"
source = "registry+https://github.com/rust-lang/crates.io-index"
checksum = "da25490ff9892aab3fcf7c36f08cfb902dd3e71ca0f9f9517bea02a73a5ce38c"
dependencies = [
 "proc-macro-error-attr",
 "proc-macro2",
 "quote",
 "syn 1.0.109",
 "version_check",
]

[[package]]
name = "proc-macro-error-attr"
version = "1.0.4"
source = "registry+https://github.com/rust-lang/crates.io-index"
checksum = "a1be40180e52ecc98ad80b184934baf3d0d29f979574e439af5a55274b35f869"
dependencies = [
 "proc-macro2",
 "quote",
 "version_check",
]

[[package]]
name = "proc-macro2"
version = "1.0.95"
source = "registry+https://github.com/rust-lang/crates.io-index"
checksum = "02b3e5e68a3a1a02aad3ec490a98007cbc13c37cbe84a3cd7b8e406d76e7f778"
dependencies = [
 "unicode-ident",
]

[[package]]
name = "prost"
version = "0.13.5"
source = "registry+https://github.com/rust-lang/crates.io-index"
checksum = "2796faa41db3ec313a31f7624d9286acf277b52de526150b7e69f3debf891ee5"
dependencies = [
 "bytes",
 "prost-derive",
]

[[package]]
name = "prost-build"
version = "0.13.5"
source = "registry+https://github.com/rust-lang/crates.io-index"
checksum = "be769465445e8c1474e9c5dac2018218498557af32d9ed057325ec9a41ae81bf"
dependencies = [
 "heck",
 "itertools 0.14.0",
 "log",
 "multimap",
 "once_cell",
 "petgraph",
 "prettyplease",
 "prost",
 "prost-types",
 "regex",
 "syn 2.0.101",
 "tempfile",
]

[[package]]
name = "prost-derive"
version = "0.13.5"
source = "registry+https://github.com/rust-lang/crates.io-index"
checksum = "8a56d757972c98b346a9b766e3f02746cde6dd1cd1d1d563472929fdd74bec4d"
dependencies = [
 "anyhow",
 "itertools 0.14.0",
 "proc-macro2",
 "quote",
 "syn 2.0.101",
]

[[package]]
name = "prost-types"
version = "0.13.5"
source = "registry+https://github.com/rust-lang/crates.io-index"
checksum = "52c2c1bf36ddb1a1c396b3601a3cec27c2462e45f07c386894ec3ccf5332bd16"
dependencies = [
 "prost",
]

[[package]]
name = "quote"
version = "1.0.40"
source = "registry+https://github.com/rust-lang/crates.io-index"
checksum = "1885c039570dc00dcb4ff087a89e185fd56bae234ddc7f056a945bf36467248d"
dependencies = [
 "proc-macro2",
]

[[package]]
name = "r-efi"
version = "5.2.0"
source = "registry+https://github.com/rust-lang/crates.io-index"
checksum = "74765f6d916ee2faa39bc8e68e4f3ed8949b48cccdac59983d287a7cb71ce9c5"

[[package]]
name = "rand"
version = "0.9.1"
source = "registry+https://github.com/rust-lang/crates.io-index"
checksum = "9fbfd9d094a40bf3ae768db9361049ace4c0e04a4fd6b359518bd7b73a73dd97"
dependencies = [
 "rand_chacha",
 "rand_core",
]

[[package]]
name = "rand_chacha"
version = "0.9.0"
source = "registry+https://github.com/rust-lang/crates.io-index"
checksum = "d3022b5f1df60f26e1ffddd6c66e8aa15de382ae63b3a0c1bfc0e4d3e3f325cb"
dependencies = [
 "ppv-lite86",
 "rand_core",
]

[[package]]
name = "rand_core"
version = "0.9.3"
source = "registry+https://github.com/rust-lang/crates.io-index"
checksum = "99d9a13982dcf210057a8a78572b2217b667c3beacbf3a0d8b454f6f82837d38"
dependencies = [
 "getrandom",
]

[[package]]
name = "regex"
version = "1.11.1"
source = "registry+https://github.com/rust-lang/crates.io-index"
checksum = "b544ef1b4eac5dc2db33ea63606ae9ffcfac26c1416a2806ae0bf5f56b201191"
dependencies = [
 "aho-corasick",
 "memchr",
 "regex-automata",
 "regex-syntax 0.8.5",
]

[[package]]
name = "regex-automata"
version = "0.4.9"
source = "registry+https://github.com/rust-lang/crates.io-index"
checksum = "809e8dc61f6de73b46c85f4c96486310fe304c434cfa43669d7b40f711150908"
dependencies = [
 "aho-corasick",
 "memchr",
 "regex-syntax 0.8.5",
]

[[package]]
name = "regex-syntax"
version = "0.6.29"
source = "registry+https://github.com/rust-lang/crates.io-index"
checksum = "f162c6dd7b008981e4d40210aca20b4bd0f9b60ca9271061b07f78537722f2e1"

[[package]]
name = "regex-syntax"
version = "0.8.5"
source = "registry+https://github.com/rust-lang/crates.io-index"
checksum = "2b15c43186be67a4fd63bee50d0303afffcef381492ebe2c5d87f324e1b8815c"

[[package]]
name = "regex_static"
version = "0.1.1"
source = "registry+https://github.com/rust-lang/crates.io-index"
checksum = "6126d61c5e4b41929098f73b42fc1d257116cc95d19739248c51591f77cc0021"
dependencies = [
 "once_cell",
 "regex",
 "regex_static_macro",
]

[[package]]
name = "regex_static_impl"
version = "0.1.0"
source = "registry+https://github.com/rust-lang/crates.io-index"
checksum = "9c3755019886a70e772e6360b0b58501d75cf7dc17a53e08aa97e59ecb2c2bc5"
dependencies = [
 "proc-macro2",
 "quote",
 "regex-syntax 0.6.29",
 "syn 1.0.109",
]

[[package]]
name = "regex_static_macro"
version = "0.1.0"
source = "registry+https://github.com/rust-lang/crates.io-index"
checksum = "79b15495fd034158635bc8b762a132dfc83864d6992aeda1ffabf01b03b611a1"
dependencies = [
 "proc-macro2",
 "regex_static_impl",
 "syn 1.0.109",
]

[[package]]
name = "rsa"
version = "0.10.0-rc.0"
source = "registry+https://github.com/rust-lang/crates.io-index"
checksum = "f30f0ad781aea19fe741d7a901b2ad8b4271ac3516e7045b8ecff74e201968fe"
dependencies = [
 "const-oid",
 "crypto-bigint",
 "crypto-primes",
 "digest",
 "pkcs1",
 "pkcs8",
 "rand_core",
 "signature",
 "spki",
 "subtle",
 "zeroize",
]

[[package]]
name = "rustc-hash"
version = "2.1.1"
source = "registry+https://github.com/rust-lang/crates.io-index"
checksum = "357703d41365b4b27c590e3ed91eabb1b663f07c4c084095e60cbed4362dff0d"

[[package]]
name = "rustix"
version = "1.0.7"
source = "registry+https://github.com/rust-lang/crates.io-index"
checksum = "c71e83d6afe7ff64890ec6b71d6a69bb8a610ab78ce364b3352876bb4c801266"
dependencies = [
 "bitflags",
 "errno",
 "libc",
 "linux-raw-sys",
 "windows-sys",
]

[[package]]
name = "rustversion"
version = "1.0.21"
source = "registry+https://github.com/rust-lang/crates.io-index"
checksum = "8a0d197bd2c9dc6e53b84da9556a69ba4cdfab8619eb41a8bd1cc2027a0f6b1d"

[[package]]
name = "ryu"
version = "1.0.20"
source = "registry+https://github.com/rust-lang/crates.io-index"
checksum = "28d3b2b1366ec20994f1fd18c3c594f05c5dd4bc44d8bb0c1c632c8d6829481f"

[[package]]
name = "serde"
version = "1.0.219"
source = "registry+https://github.com/rust-lang/crates.io-index"
checksum = "5f0e2c6ed6606019b4e29e69dbaba95b11854410e5347d525002456dbbb786b6"
dependencies = [
 "serde_derive",
]

[[package]]
name = "serde_derive"
version = "1.0.219"
source = "registry+https://github.com/rust-lang/crates.io-index"
checksum = "5b0276cf7f2c73365f7157c8123c21cd9a50fbbd844757af28ca1f5925fc2a00"
dependencies = [
 "proc-macro2",
 "quote",
 "syn 2.0.101",
]

[[package]]
name = "serde_json"
version = "1.0.140"
source = "registry+https://github.com/rust-lang/crates.io-index"
checksum = "20068b6e96dc6c9bd23e01df8827e6c7e1f2fddd43c21810382803c136b99373"
dependencies = [
 "itoa",
 "memchr",
 "ryu",
 "serde",
]

[[package]]
name = "serdect"
version = "0.3.0"
source = "registry+https://github.com/rust-lang/crates.io-index"
checksum = "f42f67da2385b51a5f9652db9c93d78aeaf7610bf5ec366080b6de810604af53"
dependencies = [
 "base16ct",
 "serde",
]

[[package]]
name = "sha1"
version = "0.11.0-rc.0"
source = "registry+https://github.com/rust-lang/crates.io-index"
checksum = "6f9318facddf9ac32a33527066936837e189b3f23ced6edc1603720ead5e2b3d"
dependencies = [
 "cfg-if",
 "cpufeatures",
 "digest",
]

[[package]]
name = "sha2"
version = "0.11.0-rc.0"
source = "registry+https://github.com/rust-lang/crates.io-index"
checksum = "aa1d2e6b3cc4e43a8258a9a3b17aa5dfd2cc5186c7024bba8a64aa65b2c71a59"
dependencies = [
 "cfg-if",
 "cpufeatures",
 "digest",
]

[[package]]
name = "shlex"
version = "1.3.0"
source = "registry+https://github.com/rust-lang/crates.io-index"
checksum = "0fda2ff0d084019ba4d7c6f371c95d8fd75ce3524c3cb8fb653a3023f6323e64"

[[package]]
name = "signature"
version = "3.0.0-rc.0"
source = "registry+https://github.com/rust-lang/crates.io-index"
checksum = "d7ae074ff622614874804868b07d9cb786223082c9fe726a6653608f32f37b02"
dependencies = [
 "digest",
 "rand_core",
]

[[package]]
name = "spki"
version = "0.8.0-rc.2"
source = "registry+https://github.com/rust-lang/crates.io-index"
checksum = "c2f0e2bdca9b00f5be6dd3bb6647d50fd0f24a508a95f78e3bb2fe98d0403c85"
dependencies = [
 "base64ct",
 "der",
]

[[package]]
name = "strsim"
version = "0.11.1"
source = "registry+https://github.com/rust-lang/crates.io-index"
checksum = "7da8b5736845d9f2fcb837ea5d9e2628564b3b043a70948a3f0b778838c5fb4f"

[[package]]
name = "subtle"
version = "2.6.1"
source = "registry+https://github.com/rust-lang/crates.io-index"
checksum = "13c2bddecc57b384dee18652358fb23172facb8a2c51ccc10d74c157bdea3292"

[[package]]
name = "syn"
version = "1.0.109"
source = "registry+https://github.com/rust-lang/crates.io-index"
checksum = "72b64191b275b66ffe2469e8af2c1cfe3bafa67b529ead792a6d0160888b4237"
dependencies = [
 "proc-macro2",
 "quote",
 "unicode-ident",
]

[[package]]
name = "syn"
version = "2.0.101"
source = "registry+https://github.com/rust-lang/crates.io-index"
checksum = "8ce2b7fc941b3a24138a0a7cf8e858bfc6a992e7978a068a5c760deb0ed43caf"
dependencies = [
 "proc-macro2",
 "quote",
 "unicode-ident",
]

[[package]]
name = "tempfile"
version = "3.20.0"
source = "registry+https://github.com/rust-lang/crates.io-index"
checksum = "e8a64e3985349f2441a1a9ef0b853f869006c3855f2cda6862a94d26ebb9d6a1"
dependencies = [
 "fastrand",
 "getrandom",
 "once_cell",
 "rustix",
 "windows-sys",
]

[[package]]
name = "termcolor"
version = "1.4.1"
source = "registry+https://github.com/rust-lang/crates.io-index"
checksum = "06794f8f6c5c898b3275aebefa6b8a1cb24cd2c6c79397ab15774837a0bc5755"
dependencies = [
 "winapi-util",
]

[[package]]
name = "thiserror"
version = "1.0.69"
source = "registry+https://github.com/rust-lang/crates.io-index"
checksum = "b6aaf5339b578ea85b50e080feb250a3e8ae8cfcdff9a461c9ec2904bc923f52"
dependencies = [
 "thiserror-impl 1.0.69",
]

[[package]]
name = "thiserror"
version = "2.0.12"
source = "registry+https://github.com/rust-lang/crates.io-index"
checksum = "567b8a2dae586314f7be2a752ec7474332959c6460e02bde30d702a66d488708"
dependencies = [
 "thiserror-impl 2.0.12",
]

[[package]]
name = "thiserror-impl"
version = "1.0.69"
source = "registry+https://github.com/rust-lang/crates.io-index"
checksum = "4fee6c4efc90059e10f81e6d42c60a18f76588c3d74cb83a0b242a2b6c7504c1"
dependencies = [
 "proc-macro2",
 "quote",
 "syn 2.0.101",
]

[[package]]
name = "thiserror-impl"
version = "2.0.12"
source = "registry+https://github.com/rust-lang/crates.io-index"
checksum = "7f7cf42b4507d8ea322120659672cf1b9dbb93f8f2d4ecfd6e51350ff5b17a1d"
dependencies = [
 "proc-macro2",
 "quote",
 "syn 2.0.101",
]

[[package]]
name = "typenum"
version = "1.18.0"
source = "registry+https://github.com/rust-lang/crates.io-index"
checksum = "1dccffe3ce07af9386bfd29e80c0ab1a8205a2fc34e4bcd40364df902cfa8f3f"

[[package]]
name = "unicode-ident"
version = "1.0.18"
source = "registry+https://github.com/rust-lang/crates.io-index"
checksum = "5a5f39404a5da50712a4c1eecf25e90dd62b613502b7e925fd4e4d19b5c96512"

[[package]]
name = "unicode-width"
version = "0.1.14"
source = "registry+https://github.com/rust-lang/crates.io-index"
checksum = "7dd6e30e90baa6f72411720665d41d89b9a3d039dc45b8faea1ddd07f617f6af"

[[package]]
name = "unicode-width"
version = "0.2.0"
source = "registry+https://github.com/rust-lang/crates.io-index"
checksum = "1fc81956842c57dac11422a97c3b8195a1ff727f06e85c84ed2e8aa277c9a0fd"

[[package]]
name = "utf8parse"
version = "0.2.2"
source = "registry+https://github.com/rust-lang/crates.io-index"
checksum = "06abde3611657adf66d383f00b093d7faecc7fa57071cce2578660c9f1010821"

[[package]]
name = "uuid"
version = "1.17.0"
source = "registry+https://github.com/rust-lang/crates.io-index"
checksum = "3cf4199d1e5d15ddd86a694e4d0dffa9c323ce759fea589f00fef9d81cc1931d"
dependencies = [
 "js-sys",
 "wasm-bindgen",
]

[[package]]
name = "version_check"
version = "0.9.5"
source = "registry+https://github.com/rust-lang/crates.io-index"
checksum = "0b928f33d975fc6ad9f86c8f283853ad26bdd5b10b7f1542aa2fa15e2289105a"

[[package]]
name = "wasi"
version = "0.14.2+wasi-0.2.4"
source = "registry+https://github.com/rust-lang/crates.io-index"
checksum = "9683f9a5a998d873c0d21fcbe3c083009670149a8fab228644b8bd36b2c48cb3"
dependencies = [
 "wit-bindgen-rt",
]

[[package]]
name = "wasm-bindgen"
version = "0.2.100"
source = "registry+https://github.com/rust-lang/crates.io-index"
checksum = "1edc8929d7499fc4e8f0be2262a241556cfc54a0bea223790e71446f2aab1ef5"
dependencies = [
 "cfg-if",
 "once_cell",
 "rustversion",
 "wasm-bindgen-macro",
]

[[package]]
name = "wasm-bindgen-backend"
version = "0.2.100"
source = "registry+https://github.com/rust-lang/crates.io-index"
checksum = "2f0a0651a5c2bc21487bde11ee802ccaf4c51935d0d3d42a6101f98161700bc6"
dependencies = [
 "bumpalo",
 "log",
 "proc-macro2",
 "quote",
 "syn 2.0.101",
 "wasm-bindgen-shared",
]

[[package]]
name = "wasm-bindgen-macro"
version = "0.2.100"
source = "registry+https://github.com/rust-lang/crates.io-index"
checksum = "7fe63fc6d09ed3792bd0897b314f53de8e16568c2b3f7982f468c0bf9bd0b407"
dependencies = [
 "quote",
 "wasm-bindgen-macro-support",
]

[[package]]
name = "wasm-bindgen-macro-support"
version = "0.2.100"
source = "registry+https://github.com/rust-lang/crates.io-index"
checksum = "8ae87ea40c9f689fc23f209965b6fb8a99ad69aeeb0231408be24920604395de"
dependencies = [
 "proc-macro2",
 "quote",
 "syn 2.0.101",
 "wasm-bindgen-backend",
 "wasm-bindgen-shared",
]

[[package]]
name = "wasm-bindgen-shared"
version = "0.2.100"
source = "registry+https://github.com/rust-lang/crates.io-index"
checksum = "1a05d73b933a847d6cccdda8f838a22ff101ad9bf93e33684f39c1f5f0eece3d"
dependencies = [
 "unicode-ident",
]

[[package]]
name = "winapi"
version = "0.3.9"
source = "registry+https://github.com/rust-lang/crates.io-index"
checksum = "5c839a674fcd7a98952e593242ea400abe93992746761e38641405d28b00f419"
dependencies = [
 "winapi-i686-pc-windows-gnu",
 "winapi-x86_64-pc-windows-gnu",
]

[[package]]
name = "winapi-i686-pc-windows-gnu"
version = "0.4.0"
source = "registry+https://github.com/rust-lang/crates.io-index"
checksum = "ac3b87c63620426dd9b991e5ce0329eff545bccbbb34f3be09ff6fb6ab51b7b6"

[[package]]
name = "winapi-util"
version = "0.1.9"
source = "registry+https://github.com/rust-lang/crates.io-index"
checksum = "cf221c93e13a30d793f7645a0e7762c55d169dbb0a49671918a2319d289b10bb"
dependencies = [
 "windows-sys",
]

[[package]]
name = "winapi-x86_64-pc-windows-gnu"
version = "0.4.0"
source = "registry+https://github.com/rust-lang/crates.io-index"
checksum = "712e227841d057c1ee1cd2fb22fa7e5a5461ae8e48fa2ca79ec42cfc1931183f"

[[package]]
name = "windows-sys"
version = "0.59.0"
source = "registry+https://github.com/rust-lang/crates.io-index"
checksum = "1e38bc4d79ed67fd075bcc251a1c39b32a1776bbe92e5bef1f0bf1f8c531853b"
dependencies = [
 "windows-targets 0.52.6",
]

[[package]]
name = "windows-targets"
version = "0.52.6"
source = "registry+https://github.com/rust-lang/crates.io-index"
checksum = "9b724f72796e036ab90c1021d4780d4d3d648aca59e491e6b98e725b84e99973"
dependencies = [
 "windows_aarch64_gnullvm 0.52.6",
 "windows_aarch64_msvc 0.52.6",
 "windows_i686_gnu 0.52.6",
 "windows_i686_gnullvm 0.52.6",
 "windows_i686_msvc 0.52.6",
 "windows_x86_64_gnu 0.52.6",
 "windows_x86_64_gnullvm 0.52.6",
 "windows_x86_64_msvc 0.52.6",
]

[[package]]
name = "windows-targets"
version = "0.53.0"
source = "registry+https://github.com/rust-lang/crates.io-index"
checksum = "b1e4c7e8ceaaf9cb7d7507c974735728ab453b67ef8f18febdd7c11fe59dca8b"
dependencies = [
 "windows_aarch64_gnullvm 0.53.0",
 "windows_aarch64_msvc 0.53.0",
 "windows_i686_gnu 0.53.0",
 "windows_i686_gnullvm 0.53.0",
 "windows_i686_msvc 0.53.0",
 "windows_x86_64_gnu 0.53.0",
 "windows_x86_64_gnullvm 0.53.0",
 "windows_x86_64_msvc 0.53.0",
]

[[package]]
name = "windows_aarch64_gnullvm"
version = "0.52.6"
source = "registry+https://github.com/rust-lang/crates.io-index"
checksum = "32a4622180e7a0ec044bb555404c800bc9fd9ec262ec147edd5989ccd0c02cd3"

[[package]]
name = "windows_aarch64_gnullvm"
version = "0.53.0"
source = "registry+https://github.com/rust-lang/crates.io-index"
checksum = "86b8d5f90ddd19cb4a147a5fa63ca848db3df085e25fee3cc10b39b6eebae764"

[[package]]
name = "windows_aarch64_msvc"
version = "0.52.6"
source = "registry+https://github.com/rust-lang/crates.io-index"
checksum = "09ec2a7bb152e2252b53fa7803150007879548bc709c039df7627cabbd05d469"

[[package]]
name = "windows_aarch64_msvc"
version = "0.53.0"
source = "registry+https://github.com/rust-lang/crates.io-index"
checksum = "c7651a1f62a11b8cbd5e0d42526e55f2c99886c77e007179efff86c2b137e66c"

[[package]]
name = "windows_i686_gnu"
version = "0.52.6"
source = "registry+https://github.com/rust-lang/crates.io-index"
checksum = "8e9b5ad5ab802e97eb8e295ac6720e509ee4c243f69d781394014ebfe8bbfa0b"

[[package]]
name = "windows_i686_gnu"
version = "0.53.0"
source = "registry+https://github.com/rust-lang/crates.io-index"
checksum = "c1dc67659d35f387f5f6c479dc4e28f1d4bb90ddd1a5d3da2e5d97b42d6272c3"

[[package]]
name = "windows_i686_gnullvm"
version = "0.52.6"
source = "registry+https://github.com/rust-lang/crates.io-index"
checksum = "0eee52d38c090b3caa76c563b86c3a4bd71ef1a819287c19d586d7334ae8ed66"

[[package]]
name = "windows_i686_gnullvm"
version = "0.53.0"
source = "registry+https://github.com/rust-lang/crates.io-index"
checksum = "9ce6ccbdedbf6d6354471319e781c0dfef054c81fbc7cf83f338a4296c0cae11"

[[package]]
name = "windows_i686_msvc"
version = "0.52.6"
source = "registry+https://github.com/rust-lang/crates.io-index"
checksum = "240948bc05c5e7c6dabba28bf89d89ffce3e303022809e73deaefe4f6ec56c66"

[[package]]
name = "windows_i686_msvc"
version = "0.53.0"
source = "registry+https://github.com/rust-lang/crates.io-index"
checksum = "581fee95406bb13382d2f65cd4a908ca7b1e4c2f1917f143ba16efe98a589b5d"

[[package]]
name = "windows_x86_64_gnu"
version = "0.52.6"
source = "registry+https://github.com/rust-lang/crates.io-index"
checksum = "147a5c80aabfbf0c7d901cb5895d1de30ef2907eb21fbbab29ca94c5b08b1a78"

[[package]]
name = "windows_x86_64_gnu"
version = "0.53.0"
source = "registry+https://github.com/rust-lang/crates.io-index"
checksum = "2e55b5ac9ea33f2fc1716d1742db15574fd6fc8dadc51caab1c16a3d3b4190ba"

[[package]]
name = "windows_x86_64_gnullvm"
version = "0.52.6"
source = "registry+https://github.com/rust-lang/crates.io-index"
checksum = "24d5b23dc417412679681396f2b49f3de8c1473deb516bd34410872eff51ed0d"

[[package]]
name = "windows_x86_64_gnullvm"
version = "0.53.0"
source = "registry+https://github.com/rust-lang/crates.io-index"
checksum = "0a6e035dd0599267ce1ee132e51c27dd29437f63325753051e71dd9e42406c57"

[[package]]
name = "windows_x86_64_msvc"
version = "0.52.6"
source = "registry+https://github.com/rust-lang/crates.io-index"
checksum = "589f6da84c646204747d1270a2a5661ea66ed1cced2631d546fdfb155959f9ec"

[[package]]
name = "windows_x86_64_msvc"
version = "0.53.0"
source = "registry+https://github.com/rust-lang/crates.io-index"
checksum = "271414315aff87387382ec3d271b52d7ae78726f5d44ac98b4f4030c91880486"

[[package]]
name = "wit-bindgen-rt"
version = "0.39.0"
source = "registry+https://github.com/rust-lang/crates.io-index"
checksum = "6f42320e61fe2cfd34354ecb597f86f413484a798ba44a8ca1165c58d42da6c1"
dependencies = [
 "bitflags",
]

[[package]]
name = "zerocopy"
version = "0.8.25"
source = "registry+https://github.com/rust-lang/crates.io-index"
checksum = "a1702d9583232ddb9174e01bb7c15a2ab8fb1bc6f227aa1233858c351a3ba0cb"
dependencies = [
 "zerocopy-derive",
]

[[package]]
name = "zerocopy-derive"
version = "0.8.25"
source = "registry+https://github.com/rust-lang/crates.io-index"
checksum = "28a6e20d751156648aa063f3800b706ee209a32c0b4d9f24be3d980b01be55ef"
dependencies = [
 "proc-macro2",
 "quote",
 "syn 2.0.101",
]

[[package]]
name = "zeroize"
version = "1.8.1"
source = "registry+https://github.com/rust-lang/crates.io-index"
checksum = "ced3678a2879b30306d323f4542626697a464a97c0a07c9aebf7ebca65cd4dde"
